
Microsoft Visual Studio Solution File, Format Version 12.00
# Visual Studio Version 17
VisualStudioVersion = 17.9.34701.34
MinimumVisualStudioVersion = 10.0.40219.1
Project("{FAE04EC0-301F-11D3-BF4B-00C04F79EFBC}") = "ProyectoEndLh", "ProyectoEndLh\ProyectoEndLh.csproj", "{AF27E994-2081-43D9-93DA-16370345126A}"
EndProject
Global
	GlobalSection(SolutionConfigurationPlatforms) = preSolution
		Debug|Any CPU = Debug|Any CPU
		Release|Any CPU = Release|Any CPU
	EndGlobalSection
	GlobalSection(ProjectConfigurationPlatforms) = postSolution
		{AF27E994-2081-43D9-93DA-16370345126A}.Debug|Any CPU.ActiveCfg = Debug|Any CPU
		{AF27E994-2081-43D9-93DA-16370345126A}.Debug|Any CPU.Build.0 = Debug|Any CPU
		{AF27E994-2081-43D9-93DA-16370345126A}.Release|Any CPU.ActiveCfg = Release|Any CPU
		{AF27E994-2081-43D9-93DA-16370345126A}.Release|Any CPU.Build.0 = Release|Any CPU
	EndGlobalSection
	GlobalSection(SolutionProperties) = preSolution
		HideSolutionNode = FALSE
	EndGlobalSection
	GlobalSection(ExtensibilityGlobals) = postSolution
		SolutionGuid = {C006059D-5462-4A90-B907-A3D00B70463F}
	EndGlobalSection
EndGlobal
